
Microsoft Visual Studio Solution File, Format Version 12.00
# Visual Studio 15
VisualStudioVersion = 15.0.28307.779
MinimumVisualStudioVersion = 10.0.40219.1
Project("{8BC9CEB8-8B4A-11D0-8D11-00A0C91BC942}") = "hellogithub", "hellogithub\hellogithub.vcxproj", "{C53F7A36-6F05-4055-BF5C-6F4E4022C536}"
EndProject
Global
	GlobalSection(SolutionConfigurationPlatforms) = preSolution
		Debug|x64 = Debug|x64
		Debug|x86 = Debug|x86
		Release|x64 = Release|x64
		Release|x86 = Release|x86
	EndGlobalSection
	GlobalSection(ProjectConfigurationPlatforms) = postSolution
		{C53F7A36-6F05-4055-BF5C-6F4E4022C536}.Debug|x64.ActiveCfg = Debug|x64
		{C53F7A36-6F05-4055-BF5C-6F4E4022C536}.Debug|x64.Build.0 = Debug|x64
		{C53F7A36-6F05-4055-BF5C-6F4E4022C536}.Debug|x86.ActiveCfg = Debug|Win32
		{C53F7A36-6F05-4055-BF5C-6F4E4022C536}.Debug|x86.Build.0 = Debug|Win32
		{C53F7A36-6F05-4055-BF5C-6F4E4022C536}.Release|x64.ActiveCfg = Release|x64
		{C53F7A36-6F05-4055-BF5C-6F4E4022C536}.Release|x64.Build.0 = Release|x64
		{C53F7A36-6F05-4055-BF5C-6F4E4022C536}.Release|x86.ActiveCfg = Release|Win32
		{C53F7A36-6F05-4055-BF5C-6F4E4022C536}.Release|x86.Build.0 = Release|Win32
	EndGlobalSection
	GlobalSection(SolutionProperties) = preSolution
		HideSolutionNode = FALSE
	EndGlobalSection
	GlobalSection(ExtensibilityGlobals) = postSolution
		SolutionGuid = {721A0D42-6C20-4809-B9B8-5D334D8E1B2E}
	EndGlobalSection
EndGlobal
